
Microsoft Visual Studio Solution File, Format Version 12.00
# Visual Studio Version 17
VisualStudioVersion = 17.3.32922.545
MinimumVisualStudioVersion = 10.0.40219.1
Project("{FAE04EC0-301F-11D3-BF4B-00C04F79EFBC}") = "Aula213GenericsParte1", "Aula213GenericsParte1\Aula213GenericsParte1.csproj", "{A0FC50E4-C51C-4C38-8A28-A30470E1A8E9}"
EndProject
Global
	GlobalSection(SolutionConfigurationPlatforms) = preSolution
		Debug|Any CPU = Debug|Any CPU
		Release|Any CPU = Release|Any CPU
	EndGlobalSection
	GlobalSection(ProjectConfigurationPlatforms) = postSolution
		{A0FC50E4-C51C-4C38-8A28-A30470E1A8E9}.Debug|Any CPU.ActiveCfg = Debug|Any CPU
		{A0FC50E4-C51C-4C38-8A28-A30470E1A8E9}.Debug|Any CPU.Build.0 = Debug|Any CPU
		{A0FC50E4-C51C-4C38-8A28-A30470E1A8E9}.Release|Any CPU.ActiveCfg = Release|Any CPU
		{A0FC50E4-C51C-4C38-8A28-A30470E1A8E9}.Release|Any CPU.Build.0 = Release|Any CPU
	EndGlobalSection
	GlobalSection(SolutionProperties) = preSolution
		HideSolutionNode = FALSE
	EndGlobalSection
	GlobalSection(ExtensibilityGlobals) = postSolution
		SolutionGuid = {88C3D64E-F5E5-48B8-AAB9-29FDC1ED626D}
	EndGlobalSection
EndGlobal
