
Microsoft Visual Studio Solution File, Format Version 12.00
# Visual Studio Version 17
VisualStudioVersion = 17.2.32516.85
MinimumVisualStudioVersion = 10.0.40219.1
Project("{FAE04EC0-301F-11D3-BF4B-00C04F79EFBC}") = "Aula140Exercicio", "Aula140Exercicio\Aula140Exercicio.csproj", "{27C6B78F-51C5-4507-AB92-227C1E1210EF}"
EndProject
Global
	GlobalSection(SolutionConfigurationPlatforms) = preSolution
		Debug|Any CPU = Debug|Any CPU
		Release|Any CPU = Release|Any CPU
	EndGlobalSection
	GlobalSection(ProjectConfigurationPlatforms) = postSolution
		{27C6B78F-51C5-4507-AB92-227C1E1210EF}.Debug|Any CPU.ActiveCfg = Debug|Any CPU
		{27C6B78F-51C5-4507-AB92-227C1E1210EF}.Debug|Any CPU.Build.0 = Debug|Any CPU
		{27C6B78F-51C5-4507-AB92-227C1E1210EF}.Release|Any CPU.ActiveCfg = Release|Any CPU
		{27C6B78F-51C5-4507-AB92-227C1E1210EF}.Release|Any CPU.Build.0 = Release|Any CPU
	EndGlobalSection
	GlobalSection(SolutionProperties) = preSolution
		HideSolutionNode = FALSE
	EndGlobalSection
	GlobalSection(ExtensibilityGlobals) = postSolution
		SolutionGuid = {CCE21514-9F65-4DB5-85FC-6A5C0B18D2E9}
	EndGlobalSection
EndGlobal
