
Microsoft Visual Studio Solution File, Format Version 12.00
# Visual Studio Version 17
VisualStudioVersion = 17.2.32516.85
MinimumVisualStudioVersion = 10.0.40219.1
Project("{FAE04EC0-301F-11D3-BF4B-00C04F79EFBC}") = "Aula51", "Aula51\Aula51.csproj", "{BCE57B6F-C652-49BA-AD51-1ED01EDB8A4F}"
EndProject
Global
	GlobalSection(SolutionConfigurationPlatforms) = preSolution
		Debug|Any CPU = Debug|Any CPU
		Release|Any CPU = Release|Any CPU
	EndGlobalSection
	GlobalSection(ProjectConfigurationPlatforms) = postSolution
		{BCE57B6F-C652-49BA-AD51-1ED01EDB8A4F}.Debug|Any CPU.ActiveCfg = Debug|Any CPU
		{BCE57B6F-C652-49BA-AD51-1ED01EDB8A4F}.Debug|Any CPU.Build.0 = Debug|Any CPU
		{BCE57B6F-C652-49BA-AD51-1ED01EDB8A4F}.Release|Any CPU.ActiveCfg = Release|Any CPU
		{BCE57B6F-C652-49BA-AD51-1ED01EDB8A4F}.Release|Any CPU.Build.0 = Release|Any CPU
	EndGlobalSection
	GlobalSection(SolutionProperties) = preSolution
		HideSolutionNode = FALSE
	EndGlobalSection
	GlobalSection(ExtensibilityGlobals) = postSolution
		SolutionGuid = {407D5998-AD5B-4E79-BEAD-449D25E404E3}
	EndGlobalSection
EndGlobal
