
Microsoft Visual Studio Solution File, Format Version 12.00
# Visual Studio Version 17
VisualStudioVersion = 17.2.32516.85
MinimumVisualStudioVersion = 10.0.40219.1
Project("{FAE04EC0-301F-11D3-BF4B-00C04F79EFBC}") = "Aula150Excecoes", "Aula150Excecoes\Aula150Excecoes.csproj", "{ED89972E-A4E0-48AD-95FE-A2970A5C4769}"
EndProject
Global
	GlobalSection(SolutionConfigurationPlatforms) = preSolution
		Debug|Any CPU = Debug|Any CPU
		Release|Any CPU = Release|Any CPU
	EndGlobalSection
	GlobalSection(ProjectConfigurationPlatforms) = postSolution
		{ED89972E-A4E0-48AD-95FE-A2970A5C4769}.Debug|Any CPU.ActiveCfg = Debug|Any CPU
		{ED89972E-A4E0-48AD-95FE-A2970A5C4769}.Debug|Any CPU.Build.0 = Debug|Any CPU
		{ED89972E-A4E0-48AD-95FE-A2970A5C4769}.Release|Any CPU.ActiveCfg = Release|Any CPU
		{ED89972E-A4E0-48AD-95FE-A2970A5C4769}.Release|Any CPU.Build.0 = Release|Any CPU
	EndGlobalSection
	GlobalSection(SolutionProperties) = preSolution
		HideSolutionNode = FALSE
	EndGlobalSection
	GlobalSection(ExtensibilityGlobals) = postSolution
		SolutionGuid = {40F76D1E-2E8E-40FA-90E7-EEB81629FD03}
	EndGlobalSection
EndGlobal
