
Microsoft Visual Studio Solution File, Format Version 12.00
# Visual Studio Version 17
VisualStudioVersion = 17.2.32516.85
MinimumVisualStudioVersion = 10.0.40219.1
Project("{FAE04EC0-301F-11D3-BF4B-00C04F79EFBC}") = "Aula196FileStream_FileReader", "Aula196FileStream_FileReader\Aula196FileStream_FileReader.csproj", "{13C49BC9-9087-49E0-A72C-4D19FADBC162}"
EndProject
Global
	GlobalSection(SolutionConfigurationPlatforms) = preSolution
		Debug|Any CPU = Debug|Any CPU
		Release|Any CPU = Release|Any CPU
	EndGlobalSection
	GlobalSection(ProjectConfigurationPlatforms) = postSolution
		{13C49BC9-9087-49E0-A72C-4D19FADBC162}.Debug|Any CPU.ActiveCfg = Debug|Any CPU
		{13C49BC9-9087-49E0-A72C-4D19FADBC162}.Debug|Any CPU.Build.0 = Debug|Any CPU
		{13C49BC9-9087-49E0-A72C-4D19FADBC162}.Release|Any CPU.ActiveCfg = Release|Any CPU
		{13C49BC9-9087-49E0-A72C-4D19FADBC162}.Release|Any CPU.Build.0 = Release|Any CPU
	EndGlobalSection
	GlobalSection(SolutionProperties) = preSolution
		HideSolutionNode = FALSE
	EndGlobalSection
	GlobalSection(ExtensibilityGlobals) = postSolution
		SolutionGuid = {8F2C427C-BA92-4B0B-8B2A-2FB83D7CA470}
	EndGlobalSection
EndGlobal
