
Microsoft Visual Studio Solution File, Format Version 12.00
# Visual Studio Version 17
VisualStudioVersion = 17.2.32516.85
MinimumVisualStudioVersion = 10.0.40219.1
Project("{FAE04EC0-301F-11D3-BF4B-00C04F79EFBC}") = "Aula200Path", "Aula200Path\Aula200Path.csproj", "{974965A4-ED75-4A1F-B207-3033B8306A68}"
EndProject
Global
	GlobalSection(SolutionConfigurationPlatforms) = preSolution
		Debug|Any CPU = Debug|Any CPU
		Release|Any CPU = Release|Any CPU
	EndGlobalSection
	GlobalSection(ProjectConfigurationPlatforms) = postSolution
		{974965A4-ED75-4A1F-B207-3033B8306A68}.Debug|Any CPU.ActiveCfg = Debug|Any CPU
		{974965A4-ED75-4A1F-B207-3033B8306A68}.Debug|Any CPU.Build.0 = Debug|Any CPU
		{974965A4-ED75-4A1F-B207-3033B8306A68}.Release|Any CPU.ActiveCfg = Release|Any CPU
		{974965A4-ED75-4A1F-B207-3033B8306A68}.Release|Any CPU.Build.0 = Release|Any CPU
	EndGlobalSection
	GlobalSection(SolutionProperties) = preSolution
		HideSolutionNode = FALSE
	EndGlobalSection
	GlobalSection(ExtensibilityGlobals) = postSolution
		SolutionGuid = {CF91ECB2-DDD2-4AF8-9318-03B8CEE34A03}
	EndGlobalSection
EndGlobal
