
Microsoft Visual Studio Solution File, Format Version 12.00
# Visual Studio Version 17
VisualStudioVersion = 17.3.32922.545
MinimumVisualStudioVersion = 10.0.40219.1
Project("{FAE04EC0-301F-11D3-BF4B-00C04F79EFBC}") = "Aula216GetHashCodeAndEquals", "Aula216GetHashCodeAndEquals\Aula216GetHashCodeAndEquals.csproj", "{CC958C19-B7B0-4383-9F9F-0BE39F83F39D}"
EndProject
Global
	GlobalSection(SolutionConfigurationPlatforms) = preSolution
		Debug|Any CPU = Debug|Any CPU
		Release|Any CPU = Release|Any CPU
	EndGlobalSection
	GlobalSection(ProjectConfigurationPlatforms) = postSolution
		{CC958C19-B7B0-4383-9F9F-0BE39F83F39D}.Debug|Any CPU.ActiveCfg = Debug|Any CPU
		{CC958C19-B7B0-4383-9F9F-0BE39F83F39D}.Debug|Any CPU.Build.0 = Debug|Any CPU
		{CC958C19-B7B0-4383-9F9F-0BE39F83F39D}.Release|Any CPU.ActiveCfg = Release|Any CPU
		{CC958C19-B7B0-4383-9F9F-0BE39F83F39D}.Release|Any CPU.Build.0 = Release|Any CPU
	EndGlobalSection
	GlobalSection(SolutionProperties) = preSolution
		HideSolutionNode = FALSE
	EndGlobalSection
	GlobalSection(ExtensibilityGlobals) = postSolution
		SolutionGuid = {516E7141-4273-40FD-8286-131DC2BBC146}
	EndGlobalSection
EndGlobal
