
Microsoft Visual Studio Solution File, Format Version 12.00
# Visual Studio Version 17
VisualStudioVersion = 17.2.32516.85
MinimumVisualStudioVersion = 10.0.40219.1
Project("{FAE04EC0-301F-11D3-BF4B-00C04F79EFBC}") = "Aula199Directory-DirectoryInfo", "Aula199Directory-DirectoryInfo\Aula199Directory-DirectoryInfo.csproj", "{2644A5A1-5CC7-40F4-BF1D-AC1EAFB1C717}"
EndProject
Global
	GlobalSection(SolutionConfigurationPlatforms) = preSolution
		Debug|Any CPU = Debug|Any CPU
		Release|Any CPU = Release|Any CPU
	EndGlobalSection
	GlobalSection(ProjectConfigurationPlatforms) = postSolution
		{2644A5A1-5CC7-40F4-BF1D-AC1EAFB1C717}.Debug|Any CPU.ActiveCfg = Debug|Any CPU
		{2644A5A1-5CC7-40F4-BF1D-AC1EAFB1C717}.Debug|Any CPU.Build.0 = Debug|Any CPU
		{2644A5A1-5CC7-40F4-BF1D-AC1EAFB1C717}.Release|Any CPU.ActiveCfg = Release|Any CPU
		{2644A5A1-5CC7-40F4-BF1D-AC1EAFB1C717}.Release|Any CPU.Build.0 = Release|Any CPU
	EndGlobalSection
	GlobalSection(SolutionProperties) = preSolution
		HideSolutionNode = FALSE
	EndGlobalSection
	GlobalSection(ExtensibilityGlobals) = postSolution
		SolutionGuid = {2A0FC989-AA5D-4AEA-AFCD-1AFBFB051A86}
	EndGlobalSection
EndGlobal
