
Microsoft Visual Studio Solution File, Format Version 12.00
# Visual Studio Version 17
VisualStudioVersion = 17.2.32516.85
MinimumVisualStudioVersion = 10.0.40219.1
Project("{FAE04EC0-301F-11D3-BF4B-00C04F79EFBC}") = "EntradaDeDados2", "EntradaDeDados2\EntradaDeDados2.csproj", "{37C185CC-584D-40EC-8D4A-4D56FB769113}"
EndProject
Global
	GlobalSection(SolutionConfigurationPlatforms) = preSolution
		Debug|Any CPU = Debug|Any CPU
		Release|Any CPU = Release|Any CPU
	EndGlobalSection
	GlobalSection(ProjectConfigurationPlatforms) = postSolution
		{37C185CC-584D-40EC-8D4A-4D56FB769113}.Debug|Any CPU.ActiveCfg = Debug|Any CPU
		{37C185CC-584D-40EC-8D4A-4D56FB769113}.Debug|Any CPU.Build.0 = Debug|Any CPU
		{37C185CC-584D-40EC-8D4A-4D56FB769113}.Release|Any CPU.ActiveCfg = Release|Any CPU
		{37C185CC-584D-40EC-8D4A-4D56FB769113}.Release|Any CPU.Build.0 = Release|Any CPU
	EndGlobalSection
	GlobalSection(SolutionProperties) = preSolution
		HideSolutionNode = FALSE
	EndGlobalSection
	GlobalSection(ExtensibilityGlobals) = postSolution
		SolutionGuid = {154434C5-74FB-450C-9047-55371CE3D15F}
	EndGlobalSection
EndGlobal
