
Microsoft Visual Studio Solution File, Format Version 12.00
# Visual Studio Version 17
VisualStudioVersion = 17.2.32516.85
MinimumVisualStudioVersion = 10.0.40219.1
Project("{FAE04EC0-301F-11D3-BF4B-00C04F79EFBC}") = "Aula80Matrizes", "Aula80Matrizes\Aula80Matrizes.csproj", "{7DBC5FAB-274E-4995-9E44-AC0AA251348F}"
EndProject
Global
	GlobalSection(SolutionConfigurationPlatforms) = preSolution
		Debug|Any CPU = Debug|Any CPU
		Release|Any CPU = Release|Any CPU
	EndGlobalSection
	GlobalSection(ProjectConfigurationPlatforms) = postSolution
		{7DBC5FAB-274E-4995-9E44-AC0AA251348F}.Debug|Any CPU.ActiveCfg = Debug|Any CPU
		{7DBC5FAB-274E-4995-9E44-AC0AA251348F}.Debug|Any CPU.Build.0 = Debug|Any CPU
		{7DBC5FAB-274E-4995-9E44-AC0AA251348F}.Release|Any CPU.ActiveCfg = Release|Any CPU
		{7DBC5FAB-274E-4995-9E44-AC0AA251348F}.Release|Any CPU.Build.0 = Release|Any CPU
	EndGlobalSection
	GlobalSection(SolutionProperties) = preSolution
		HideSolutionNode = FALSE
	EndGlobalSection
	GlobalSection(ExtensibilityGlobals) = postSolution
		SolutionGuid = {AFC9DACE-099E-495D-A8D5-38176B94D81B}
	EndGlobalSection
EndGlobal
