
Microsoft Visual Studio Solution File, Format Version 12.00
# Visual Studio Version 17
VisualStudioVersion = 17.2.32516.85
MinimumVisualStudioVersion = 10.0.40219.1
Project("{FAE04EC0-301F-11D3-BF4B-00C04F79EFBC}") = "Aula45Exercicio2", "Aula45Exercicio2\Aula45Exercicio2.csproj", "{EC36FE26-E68F-4FB8-A0C8-A0694A62394F}"
EndProject
Global
	GlobalSection(SolutionConfigurationPlatforms) = preSolution
		Debug|Any CPU = Debug|Any CPU
		Release|Any CPU = Release|Any CPU
	EndGlobalSection
	GlobalSection(ProjectConfigurationPlatforms) = postSolution
		{EC36FE26-E68F-4FB8-A0C8-A0694A62394F}.Debug|Any CPU.ActiveCfg = Debug|Any CPU
		{EC36FE26-E68F-4FB8-A0C8-A0694A62394F}.Debug|Any CPU.Build.0 = Debug|Any CPU
		{EC36FE26-E68F-4FB8-A0C8-A0694A62394F}.Release|Any CPU.ActiveCfg = Release|Any CPU
		{EC36FE26-E68F-4FB8-A0C8-A0694A62394F}.Release|Any CPU.Build.0 = Release|Any CPU
	EndGlobalSection
	GlobalSection(SolutionProperties) = preSolution
		HideSolutionNode = FALSE
	EndGlobalSection
	GlobalSection(ExtensibilityGlobals) = postSolution
		SolutionGuid = {871D7185-5AF4-4313-BC75-658624E5D7B5}
	EndGlobalSection
EndGlobal
