
Microsoft Visual Studio Solution File, Format Version 12.00
# Visual Studio Version 17
VisualStudioVersion = 17.2.32516.85
MinimumVisualStudioVersion = 10.0.40219.1
Project("{FAE04EC0-301F-11D3-BF4B-00C04F79EFBC}") = "Aula201ExercicioTRabComArquivos", "Aula201ExercicioTRabComArquivos\Aula201ExercicioTRabComArquivos.csproj", "{ACF883E7-740E-4CE2-AF0F-D87FFB38BEC5}"
EndProject
Global
	GlobalSection(SolutionConfigurationPlatforms) = preSolution
		Debug|Any CPU = Debug|Any CPU
		Release|Any CPU = Release|Any CPU
	EndGlobalSection
	GlobalSection(ProjectConfigurationPlatforms) = postSolution
		{ACF883E7-740E-4CE2-AF0F-D87FFB38BEC5}.Debug|Any CPU.ActiveCfg = Debug|Any CPU
		{ACF883E7-740E-4CE2-AF0F-D87FFB38BEC5}.Debug|Any CPU.Build.0 = Debug|Any CPU
		{ACF883E7-740E-4CE2-AF0F-D87FFB38BEC5}.Release|Any CPU.ActiveCfg = Release|Any CPU
		{ACF883E7-740E-4CE2-AF0F-D87FFB38BEC5}.Release|Any CPU.Build.0 = Release|Any CPU
	EndGlobalSection
	GlobalSection(SolutionProperties) = preSolution
		HideSolutionNode = FALSE
	EndGlobalSection
	GlobalSection(ExtensibilityGlobals) = postSolution
		SolutionGuid = {1ADDF937-13CA-4092-85BB-76937A9ECA8F}
	EndGlobalSection
EndGlobal
