
Microsoft Visual Studio Solution File, Format Version 12.00
# Visual Studio Version 17
VisualStudioVersion = 17.3.32922.545
MinimumVisualStudioVersion = 10.0.40219.1
Project("{FAE04EC0-301F-11D3-BF4B-00C04F79EFBC}") = "Aula215ResticaoGenerics", "Aula215ResticaoGenerics\Aula215ResticaoGenerics.csproj", "{1FAC5042-71B0-4768-BDAB-6D58A2074DE7}"
EndProject
Global
	GlobalSection(SolutionConfigurationPlatforms) = preSolution
		Debug|Any CPU = Debug|Any CPU
		Release|Any CPU = Release|Any CPU
	EndGlobalSection
	GlobalSection(ProjectConfigurationPlatforms) = postSolution
		{1FAC5042-71B0-4768-BDAB-6D58A2074DE7}.Debug|Any CPU.ActiveCfg = Debug|Any CPU
		{1FAC5042-71B0-4768-BDAB-6D58A2074DE7}.Debug|Any CPU.Build.0 = Debug|Any CPU
		{1FAC5042-71B0-4768-BDAB-6D58A2074DE7}.Release|Any CPU.ActiveCfg = Release|Any CPU
		{1FAC5042-71B0-4768-BDAB-6D58A2074DE7}.Release|Any CPU.Build.0 = Release|Any CPU
	EndGlobalSection
	GlobalSection(SolutionProperties) = preSolution
		HideSolutionNode = FALSE
	EndGlobalSection
	GlobalSection(ExtensibilityGlobals) = postSolution
		SolutionGuid = {967FB66F-9FCC-4AAA-823C-CF6EB27DDC5D}
	EndGlobalSection
EndGlobal
